
Microsoft Visual Studio Solution File, Format Version 12.00
# Visual Studio Version 17
VisualStudioVersion = 17.7.34031.279
MinimumVisualStudioVersion = 10.0.40219.1
Project("{FAE04EC0-301F-11D3-BF4B-00C04F79EFBC}") = "WpfApp1", "WpfApp1\WpfApp1.csproj", "{A2CC8338-B40A-4D82-9B0D-0158D835767B}"
EndProject
Global
	GlobalSection(SolutionConfigurationPlatforms) = preSolution
		Debug|Any CPU = Debug|Any CPU
		Release|Any CPU = Release|Any CPU
	EndGlobalSection
	GlobalSection(ProjectConfigurationPlatforms) = postSolution
		{A2CC8338-B40A-4D82-9B0D-0158D835767B}.Debug|Any CPU.ActiveCfg = Debug|Any CPU
		{A2CC8338-B40A-4D82-9B0D-0158D835767B}.Debug|Any CPU.Build.0 = Debug|Any CPU
		{A2CC8338-B40A-4D82-9B0D-0158D835767B}.Release|Any CPU.ActiveCfg = Release|Any CPU
		{A2CC8338-B40A-4D82-9B0D-0158D835767B}.Release|Any CPU.Build.0 = Release|Any CPU
	EndGlobalSection
	GlobalSection(SolutionProperties) = preSolution
		HideSolutionNode = FALSE
	EndGlobalSection
	GlobalSection(ExtensibilityGlobals) = postSolution
		SolutionGuid = {CEEA9686-0E87-44DA-8F6E-8CA1881FEAEA}
	EndGlobalSection
EndGlobal
